
Microsoft Visual Studio Solution File, Format Version 12.00
# Visual Studio 2013
VisualStudioVersion = 12.0.31101.0
MinimumVisualStudioVersion = 10.0.40219.1
Project("{FAE04EC0-301F-11D3-BF4B-00C04F79EFBC}") = "Braitenberg", "Braitenberg\Braitenberg.csproj", "{662B12FB-35F6-4D0F-8D51-41A228A5573E}"
EndProject
Global
	GlobalSection(SolutionConfigurationPlatforms) = preSolution
		Debug|Any CPU = Debug|Any CPU
		Release|Any CPU = Release|Any CPU
	EndGlobalSection
	GlobalSection(ProjectConfigurationPlatforms) = postSolution
		{662B12FB-35F6-4D0F-8D51-41A228A5573E}.Debug|Any CPU.ActiveCfg = Debug|Any CPU
		{662B12FB-35F6-4D0F-8D51-41A228A5573E}.Debug|Any CPU.Build.0 = Debug|Any CPU
		{662B12FB-35F6-4D0F-8D51-41A228A5573E}.Debug|Any CPU.Deploy.0 = Debug|Any CPU
		{662B12FB-35F6-4D0F-8D51-41A228A5573E}.Release|Any CPU.ActiveCfg = Release|Any CPU
		{662B12FB-35F6-4D0F-8D51-41A228A5573E}.Release|Any CPU.Build.0 = Release|Any CPU
		{662B12FB-35F6-4D0F-8D51-41A228A5573E}.Release|Any CPU.Deploy.0 = Release|Any CPU
	EndGlobalSection
	GlobalSection(SolutionProperties) = preSolution
		HideSolutionNode = FALSE
	EndGlobalSection
EndGlobal
