
Microsoft Visual Studio Solution File, Format Version 12.00
# Visual Studio 2013
VisualStudioVersion = 12.0.31101.0
MinimumVisualStudioVersion = 10.0.40219.1
Project("{FAE04EC0-301F-11D3-BF4B-00C04F79EFBC}") = "Odometrie", "Odometrie\Odometrie.csproj", "{E5753CC8-DF1F-4D6B-AA3A-BE6038B4BD76}"
EndProject
Global
	GlobalSection(SolutionConfigurationPlatforms) = preSolution
		Debug|Any CPU = Debug|Any CPU
		Release|Any CPU = Release|Any CPU
	EndGlobalSection
	GlobalSection(ProjectConfigurationPlatforms) = postSolution
		{E5753CC8-DF1F-4D6B-AA3A-BE6038B4BD76}.Debug|Any CPU.ActiveCfg = Debug|Any CPU
		{E5753CC8-DF1F-4D6B-AA3A-BE6038B4BD76}.Debug|Any CPU.Build.0 = Debug|Any CPU
		{E5753CC8-DF1F-4D6B-AA3A-BE6038B4BD76}.Debug|Any CPU.Deploy.0 = Debug|Any CPU
		{E5753CC8-DF1F-4D6B-AA3A-BE6038B4BD76}.Release|Any CPU.ActiveCfg = Release|Any CPU
		{E5753CC8-DF1F-4D6B-AA3A-BE6038B4BD76}.Release|Any CPU.Build.0 = Release|Any CPU
		{E5753CC8-DF1F-4D6B-AA3A-BE6038B4BD76}.Release|Any CPU.Deploy.0 = Release|Any CPU
	EndGlobalSection
	GlobalSection(SolutionProperties) = preSolution
		HideSolutionNode = FALSE
	EndGlobalSection
EndGlobal
